// !$*UTF8*$!
{
	archiveVersion = 1;
	classes = {
	};
	objectVersion = 48;
	objects = {

/* Begin PBXBuildFile section */
		932ABE5F1F9535BB000B79FB /* DetailViewController.swift in Sources */ = {isa = PBXBuildFile; fileRef = 932ABE5E1F9535BB000B79FB /* DetailViewController.swift */; };
		932C96931F9C205300B7FA96 /* AddUserVC.swift in Sources */ = {isa = PBXBuildFile; fileRef = 932C96921F9C205300B7FA96 /* AddUserVC.swift */; };
		933403B61F93DFA600A22024 /* AppDelegate.swift in Sources */ = {isa = PBXBuildFile; fileRef = 933403B51F93DFA600A22024 /* AppDelegate.swift */; };
		933403B81F93DFA600A22024 /* ViewController.swift in Sources */ = {isa = PBXBuildFile; fileRef = 933403B71F93DFA600A22024 /* ViewController.swift */; };
		933403BB1F93DFA600A22024 /* Main.storyboard in Resources */ = {isa = PBXBuildFile; fileRef = 933403B91F93DFA600A22024 /* Main.storyboard */; };
		933403BD1F93DFA600A22024 /* Assets.xcassets in Resources */ = {isa = PBXBuildFile; fileRef = 933403BC1F93DFA600A22024 /* Assets.xcassets */; };
		933403C01F93DFA600A22024 /* LaunchScreen.storyboard in Resources */ = {isa = PBXBuildFile; fileRef = 933403BE1F93DFA600A22024 /* LaunchScreen.storyboard */; };
		934947B11F9BEB0F00251FAC /* Models.swift in Sources */ = {isa = PBXBuildFile; fileRef = 934947B01F9BEB0F00251FAC /* Models.swift */; };
		934947B31F9BF72200251FAC /* Networking.swift in Sources */ = {isa = PBXBuildFile; fileRef = 934947B21F9BF72200251FAC /* Networking.swift */; };
/* End PBXBuildFile section */

/* Begin PBXFileReference section */
		932ABE5E1F9535BB000B79FB /* DetailViewController.swift */ = {isa = PBXFileReference; lastKnownFileType = sourcecode.swift; path = DetailViewController.swift; sourceTree = "<group>"; };
		932C96921F9C205300B7FA96 /* AddUserVC.swift */ = {isa = PBXFileReference; lastKnownFileType = sourcecode.swift; path = AddUserVC.swift; sourceTree = "<group>"; };
		933403B21F93DFA600A22024 /* JSONApiTest.app */ = {isa = PBXFileReference; explicitFileType = wrapper.application; includeInIndex = 0; path = JSONApiTest.app; sourceTree = BUILT_PRODUCTS_DIR; };
		933403B51F93DFA600A22024 /* AppDelegate.swift */ = {isa = PBXFileReference; lastKnownFileType = sourcecode.swift; path = AppDelegate.swift; sourceTree = "<group>"; };
		933403B71F93DFA600A22024 /* ViewController.swift */ = {isa = PBXFileReference; lastKnownFileType = sourcecode.swift; path = ViewController.swift; sourceTree = "<group>"; };
		933403BA1F93DFA600A22024 /* Base */ = {isa = PBXFileReference; lastKnownFileType = file.storyboard; name = Base; path = Base.lproj/Main.storyboard; sourceTree = "<group>"; };
		933403BC1F93DFA600A22024 /* Assets.xcassets */ = {isa = PBXFileReference; lastKnownFileType = folder.assetcatalog; path = Assets.xcassets; sourceTree = "<group>"; };
		933403BF1F93DFA600A22024 /* Base */ = {isa = PBXFileReference; lastKnownFileType = file.storyboard; name = Base; path = Base.lproj/LaunchScreen.storyboard; sourceTree = "<group>"; };
		933403C11F93DFA600A22024 /* Info.plist */ = {isa = PBXFileReference; lastKnownFileType = text.plist.xml; path = Info.plist; sourceTree = "<group>"; };
		934947B01F9BEB0F00251FAC /* Models.swift */ = {isa = PBXFileReference; lastKnownFileType = sourcecode.swift; path = Models.swift; sourceTree = "<group>"; };
		934947B21F9BF72200251FAC /* Networking.swift */ = {isa = PBXFileReference; lastKnownFileType = sourcecode.swift; path = Networking.swift; sourceTree = "<group>"; };
/* End PBXFileReference section */

/* Begin PBXFrameworksBuildPhase section */
		933403AF1F93DFA600A22024 /* Frameworks */ = {
			isa = PBXFrameworksBuildPhase;
			buildActionMask = 2147483647;
			files = (
			);
			runOnlyForDeploymentPostprocessing = 0;
		};
/* End PBXFrameworksBuildPhase section */

/* Begin PBXGroup section */
		933403A91F93DFA600A22024 = {
			isa = PBXGroup;
			children = (
				933403B41F93DFA600A22024 /* JSONApiTest */,
				933403B31F93DFA600A22024 /* Products */,
			);
			sourceTree = "<group>";
		};
		933403B31F93DFA600A22024 /* Products */ = {
			isa = PBXGroup;
			children = (
				933403B21F93DFA600A22024 /* JSONApiTest.app */,
			);
			name = Products;
			sourceTree = "<group>";
		};
		933403B41F93DFA600A22024 /* JSONApiTest */ = {
			isa = PBXGroup;
			children = (
				933403B51F93DFA600A22024 /* AppDelegate.swift */,
				933403B71F93DFA600A22024 /* ViewController.swift */,
				932C96921F9C205300B7FA96 /* AddUserVC.swift */,
				932ABE5E1F9535BB000B79FB /* DetailViewController.swift */,
				934947B01F9BEB0F00251FAC /* Models.swift */,
				934947B21F9BF72200251FAC /* Networking.swift */,
				933403B91F93DFA600A22024 /* Main.storyboard */,
				933403BC1F93DFA600A22024 /* Assets.xcassets */,
				933403BE1F93DFA600A22024 /* LaunchScreen.storyboard */,
				933403C11F93DFA600A22024 /* Info.plist */,
			);
			path = JSONApiTest;
			sourceTree = "<group>";
		};
/* End PBXGroup section */

/* Begin PBXNativeTarget section */
		933403B11F93DFA600A22024 /* JSONApiTest */ = {
			isa = PBXNativeTarget;
			buildConfigurationList = 933403C41F93DFA600A22024 /* Build configuration list for PBXNativeTarget "JSONApiTest" */;
			buildPhases = (
				933403AE1F93DFA600A22024 /* Sources */,
				933403AF1F93DFA600A22024 /* Frameworks */,
				933403B01F93DFA600A22024 /* Resources */,
			);
			buildRules = (
			);
			dependencies = (
			);
			name = JSONApiTest;
			productName = JSONApiTest;
			productReference = 933403B21F93DFA600A22024 /* JSONApiTest.app */;
			productType = "com.apple.product-type.application";
		};
/* End PBXNativeTarget section */

/* Begin PBXProject section */
		933403AA1F93DFA600A22024 /* Project object */ = {
			isa = PBXProject;
			attributes = {
				LastSwiftUpdateCheck = 0900;
				LastUpgradeCheck = 0900;
				ORGANIZATIONNAME = "George Davies";
				TargetAttributes = {
					933403B11F93DFA600A22024 = {
						CreatedOnToolsVersion = 9.0;
						ProvisioningStyle = Automatic;
					};
				};
			};
			buildConfigurationList = 933403AD1F93DFA600A22024 /* Build configuration list for PBXProject "JSONApiTest" */;
			compatibilityVersion = "Xcode 8.0";
			developmentRegion = en;
			hasScannedForEncodings = 0;
			knownRegions = (
				en,
				Base,
			);
			mainGroup = 933403A91F93DFA600A22024;
			productRefGroup = 933403B31F93DFA600A22024 /* Products */;
			projectDirPath = "";
			projectRoot = "";
			targets = (
				933403B11F93DFA600A22024 /* JSONApiTest */,
			);
		};
/* End PBXProject section */

/* Begin PBXResourcesBuildPhase section */
		933403B01F93DFA600A22024 /* Resources */ = {
			isa = PBXResourcesBuildPhase;
			buildActionMask = 2147483647;
			files = (
				933403C01F93DFA600A22024 /* LaunchScreen.storyboard in Resources */,
				933403BD1F93DFA600A22024 /* Assets.xcassets in Resources */,
				933403BB1F93DFA600A22024 /* Main.storyboard in Resources */,
			);
			runOnlyForDeploymentPostprocessing = 0;
		};
/* End PBXResourcesBuildPhase section */

/* Begin PBXSourcesBuildPhase section */
		933403AE1F93DFA600A22024 /* Sources */ = {
			isa = PBXSourcesBuildPhase;
			buildActionMask = 2147483647;
			files = (
				932ABE5F1F9535BB000B79FB /* DetailViewController.swift in Sources */,
				932C96931F9C205300B7FA96 /* AddUserVC.swift in Sources */,
				934947B31F9BF72200251FAC /* Networking.swift in Sources */,
				933403B81F93DFA600A22024 /* ViewController.swift in Sources */,
				933403B61F93DFA600A22024 /* AppDelegate.swift in Sources */,
				934947B11F9BEB0F00251FAC /* Models.swift in Sources */,
			);
			runOnlyForDeploymentPostprocessing = 0;
		};
/* End PBXSourcesBuildPhase section */

/* Begin PBXVariantGroup section */
		933403B91F93DFA600A22024 /* Main.storyboard */ = {
			isa = PBXVariantGroup;
			children = (
				933403BA1F93DFA600A22024 /* Base */,
			);
			name = Main.storyboard;
			sourceTree = "<group>";
		};
		933403BE1F93DFA600A22024 /* LaunchScreen.storyboard */ = {
			isa = PBXVariantGroup;
			children = (
				933403BF1F93DFA600A22024 /* Base */,
			);
			name = LaunchScreen.storyboard;
			sourceTree = "<group>";
		};
/* End PBXVariantGroup section */

/* Begin XCBuildConfiguration section */
		933403C21F93DFA600A22024 /* Debug */ = {
			isa = XCBuildConfiguration;
			buildSettings = {
				ALWAYS_SEARCH_USER_PATHS = NO;
				CLANG_ANALYZER_NONNULL = YES;
				CLANG_ANALYZER_NUMBER_OBJECT_CONVERSION = YES_AGGRESSIVE;
				CLANG_CXX_LANGUAGE_STANDARD = "gnu++14";
				CLANG_CXX_LIBRARY = "libc++";
				CLANG_ENABLE_MODULES = YES;
				CLANG_ENABLE_OBJC_ARC = YES;
				CLANG_WARN_BLOCK_CAPTURE_AUTORELEASING = YES;
				CLANG_WARN_BOOL_CONVERSION = YES;
				CLANG_WARN_COMMA = YES;
				CLANG_WARN_CONSTANT_CONVERSION = YES;
				CLANG_WARN_DIRECT_OBJC_ISA_USAGE = YES_ERROR;
				CLANG_WARN_DOCUMENTATION_COMMENTS = YES;
				CLANG_WARN_EMPTY_BODY = YES;
				CLANG_WARN_ENUM_CONVERSION = YES;
				CLANG_WARN_INFINITE_RECURSION = YES;
				CLANG_WARN_INT_CONVERSION = YES;
				CLANG_WARN_NON_LITERAL_NULL_CONVERSION = YES;
				CLANG_WARN_OBJC_LITERAL_CONVERSION = YES;
				CLANG_WARN_OBJC_ROOT_CLASS = YES_ERROR;
				CLANG_WARN_RANGE_LOOP_ANALYSIS = YES;
				CLANG_WARN_STRICT_PROTOTYPES = YES;
				CLANG_WARN_SUSPICIOUS_MOVE = YES;
				CLANG_WARN_UNGUARDED_AVAILABILITY = YES_AGGRESSIVE;
				CLANG_WARN_UNREACHABLE_CODE = YES;
				CLANG_WARN__DUPLICATE_METHOD_MATCH = YES;
				CODE_SIGN_IDENTITY = "iPhone Developer";
				COPY_PHASE_STRIP = NO;
				DEBUG_INFORMATION_FORMAT = dwarf;
				ENABLE_STRICT_OBJC_MSGSEND = YES;
				ENABLE_TESTABILITY = YES;
				GCC_C_LANGUAGE_STANDARD = gnu11;
				GCC_DYNAMIC_NO_PIC = NO;
				GCC_NO_COMMON_BLOCKS = YES;
				GCC_OPTIMIZATION_LEVEL = 0;
				GCC_PREPROCESSOR_DEFINITIONS = (
					"DEBUG=1",
					"$(inherited)",
				);
				GCC_WARN_64_TO_32_BIT_CONVERSION = YES;
				GCC_WARN_ABOUT_RETURN_TYPE = YES_ERROR;
				GCC_WARN_UNDECLARED_SELECTOR = YES;
				GCC_WARN_UNINITIALIZED_AUTOS = YES_AGGRESSIVE;
				GCC_WARN_UNUSED_FUNCTION = YES;
				GCC_WARN_UNUSED_VARIABLE = YES;
				IPHONEOS_DEPLOYMENT_TARGET = 11.0;
				MTL_ENABLE_DEBUG_INFO = YES;
				ONLY_ACTIVE_ARCH = YES;
				SDKROOT = iphoneos;
				SWIFT_ACTIVE_COMPILATION_CONDITIONS = DEBUG;
				SWIFT_OPTIMIZATION_LEVEL = "-Onone";
			};
			name = Debug;
		};
		933403C31F93DFA600A22024 /* Release */ = {
			isa = XCBuildConfiguration;
			buildSettings = {
				ALWAYS_SEARCH_USER_PATHS = NO;
				CLANG_ANALYZER_NONNULL = YES;
				CLANG_ANALYZER_NUMBER_OBJECT_CONVERSION = YES_AGGRESSIVE;
				CLANG_CXX_LANGUAGE_STANDARD = "gnu++14";
				CLANG_CXX_LIBRARY = "libc++";
				CLANG_ENABLE_MODULES = YES;
				CLANG_ENABLE_OBJC_ARC = YES;
				CLANG_WARN_BLOCK_CAPTURE_AUTORELEASING = YES;
				CLANG_WARN_BOOL_CONVERSION = YES;
				CLANG_WARN_COMMA = YES;
				CLANG_WARN_CONSTANT_CONVERSION = YES;
				CLANG_WARN_DIRECT_OBJC_ISA_USAGE = YES_ERROR;
				CLANG_WARN_DOCUMENTATION_COMMENTS = YES;
				CLANG_WARN_EMPTY_BODY = YES;
				CLANG_WARN_ENUM_CONVERSION = YES;
				CLANG_WARN_INFINITE_RECURSION = YES;
				CLANG_WARN_INT_CONVERSION = YES;
				CLANG_WARN_NON_LITERAL_NULL_CONVERSION = YES;
				CLANG_WARN_OBJC_LITERAL_CONVERSION = YES;
				CLANG_WARN_OBJC_ROOT_CLASS = YES_ERROR;
				CLANG_WARN_RANGE_LOOP_ANALYSIS = YES;
				CLANG_WARN_STRICT_PROTOTYPES = YES;
				CLANG_WARN_SUSPICIOUS_MOVE = YES;
				CLANG_WARN_UNGUARDED_AVAILABILITY = YES_AGGRESSIVE;
				CLANG_WARN_UNREACHABLE_CODE = YES;
				CLANG_WARN__DUPLICATE_METHOD_MATCH = YES;
				CODE_SIGN_IDENTITY = "iPhone Developer";
				COPY_PHASE_STRIP = NO;
				DEBUG_INFORMATION_FORMAT = "dwarf-with-dsym";
				ENABLE_NS_ASSERTIONS = NO;
				ENABLE_STRICT_OBJC_MSGSEND = YES;
				GCC_C_LANGUAGE_STANDARD = gnu11;
				GCC_NO_COMMON_BLOCKS = YES;
				GCC_WARN_64_TO_32_BIT_CONVERSION = YES;
				GCC_WARN_ABOUT_RETURN_TYPE = YES_ERROR;
				GCC_WARN_UNDECLARED_SELECTOR = YES;
				GCC_WARN_UNINITIALIZED_AUTOS = YES_AGGRESSIVE;
				GCC_WARN_UNUSED_FUNCTION = YES;
				GCC_WARN_UNUSED_VARIABLE = YES;
				IPHONEOS_DEPLOYMENT_TARGET = 11.0;
				MTL_ENABLE_DEBUG_INFO = NO;
				SDKROOT = iphoneos;
				SWIFT_OPTIMIZATION_LEVEL = "-Owholemodule";
				VALIDATE_PRODUCT = YES;
			};
			name = Release;
		};
		933403C51F93DFA600A22024 /* Debug */ = {
			isa = XCBuildConfiguration;
			buildSettings = {
				ASSETCATALOG_COMPILER_APPICON_NAME = AppIcon;
				CODE_SIGN_STYLE = Automatic;
				DEVELOPMENT_TEAM = CALM89H945;
				INFOPLIST_FILE = JSONApiTest/Info.plist;
				LD_RUNPATH_SEARCH_PATHS = "$(inherited) @executable_path/Frameworks";
				PRODUCT_BUNDLE_IDENTIFIER = GDaviesDev.JSONApiTest;
				PRODUCT_NAME = "$(TARGET_NAME)";
				SWIFT_VERSION = 4.0;
				TARGETED_DEVICE_FAMILY = "1,2";
			};
			name = Debug;
		};
		933403C61F93DFA600A22024 /* Release */ = {
			isa = XCBuildConfiguration;
			buildSettings = {
				ASSETCATALOG_COMPILER_APPICON_NAME = AppIcon;
				CODE_SIGN_STYLE = Automatic;
				DEVELOPMENT_TEAM = CALM89H945;
				INFOPLIST_FILE = JSONApiTest/Info.plist;
				LD_RUNPATH_SEARCH_PATHS = "$(inherited) @executable_path/Frameworks";
				PRODUCT_BUNDLE_IDENTIFIER = GDaviesDev.JSONApiTest;
				PRODUCT_NAME = "$(TARGET_NAME)";
				SWIFT_VERSION = 4.0;
				TARGETED_DEVICE_FAMILY = "1,2";
			};
			name = Release;
		};
/* End XCBuildConfiguration section */

/* Begin XCConfigurationList section */
		933403AD1F93DFA600A22024 /* Build configuration list for PBXProject "JSONApiTest" */ = {
			isa = XCConfigurationList;
			buildConfigurations = (
				933403C21F93DFA600A22024 /* Debug */,
				933403C31F93DFA600A22024 /* Release */,
			);
			defaultConfigurationIsVisible = 0;
			defaultConfigurationName = Release;
		};
		933403C41F93DFA600A22024 /* Build configuration list for PBXNativeTarget "JSONApiTest" */ = {
			isa = XCConfigurationList;
			buildConfigurations = (
				933403C51F93DFA600A22024 /* Debug */,
				933403C61F93DFA600A22024 /* Release */,
			);
			defaultConfigurationIsVisible = 0;
			defaultConfigurationName = Release;
		};
/* End XCConfigurationList section */
	};
	rootObject = 933403AA1F93DFA600A22024 /* Project object */;
}
